
Microsoft Visual Studio Solution File, Format Version 12.00
# Visual Studio Version 16
VisualStudioVersion = 16.0.30804.86
MinimumVisualStudioVersion = 10.0.40219.1
Project("{FAE04EC0-301F-11D3-BF4B-00C04F79EFBC}") = "Ejercicio carro", "Ejercicio carro\Ejercicio carro.csproj", "{B0442914-F6F5-49B4-84C2-3920EAE70B8A}"
EndProject
Global
	GlobalSection(SolutionConfigurationPlatforms) = preSolution
		Debug|Any CPU = Debug|Any CPU
		Release|Any CPU = Release|Any CPU
	EndGlobalSection
	GlobalSection(ProjectConfigurationPlatforms) = postSolution
		{B0442914-F6F5-49B4-84C2-3920EAE70B8A}.Debug|Any CPU.ActiveCfg = Debug|Any CPU
		{B0442914-F6F5-49B4-84C2-3920EAE70B8A}.Debug|Any CPU.Build.0 = Debug|Any CPU
		{B0442914-F6F5-49B4-84C2-3920EAE70B8A}.Release|Any CPU.ActiveCfg = Release|Any CPU
		{B0442914-F6F5-49B4-84C2-3920EAE70B8A}.Release|Any CPU.Build.0 = Release|Any CPU
	EndGlobalSection
	GlobalSection(SolutionProperties) = preSolution
		HideSolutionNode = FALSE
	EndGlobalSection
	GlobalSection(ExtensibilityGlobals) = postSolution
		SolutionGuid = {AADA1E1A-305A-450B-B8CE-488A994D0B85}
	EndGlobalSection
EndGlobal
